// !$*UTF8*$!
{
	archiveVersion = 1;
	classes = {
	};
	objectVersion = 56;
	objects = {

/* Begin PBXBuildFile section */
		A1234567890ABCDEF1234567 /* OpraApp.swift in Sources */ = {isa = PBXBuildFile; fileRef = A1234567890ABCDEF1234566 /* OpraApp.swift */; };
		A1234567890ABCDEF1234569 /* ContentView.swift in Sources */ = {isa = PBXBuildFile; fileRef = A1234567890ABCDEF1234568 /* ContentView.swift */; };
		A1234567890ABCDEF123456B /* Assets.xcassets in Resources */ = {isa = PBXBuildFile; fileRef = A1234567890ABCDEF123456A /* Assets.xcassets */; };
		A1234567890ABCDEF123456E /* Preview Assets.xcassets in Resources */ = {isa = PBXBuildFile; fileRef = A1234567890ABCDEF123456D /* Preview Assets.xcassets */; };
		A1234567890ABCDEF1234570 /* PDFTextExtractor.swift in Sources */ = {isa = PBXBuildFile; fileRef = A1234567890ABCDEF123456F /* PDFTextExtractor.swift */; };
		A1234567890ABCDEF1234572 /* TextToSpeechManager.swift in Sources */ = {isa = PBXBuildFile; fileRef = A1234567890ABCDEF1234571 /* TextToSpeechManager.swift */; };
		BF12B9422E9BE461006C1D92 /* TTSProviderManager.swift in Sources */ = {isa = PBXBuildFile; fileRef = BF12B9412E9BE461006C1D92 /* TTSProviderManager.swift */; };
		BF2A6E012EAB100000000001 /* OpenAITTSManager.swift in Sources */ = {isa = PBXBuildFile; fileRef = BF2A6E002EAB100000000001 /* OpenAITTSManager.swift */; };
		BF3C9B392E9BF98700E3DD44 /* SettingsView.swift in Sources */ = {isa = PBXBuildFile; fileRef = BF3C9B382E9BF98700E3DD44 /* SettingsView.swift */; };
		BF3C9B3B2E9BF9C000E3DD44 /* PDFViewerView.swift in Sources */ = {isa = PBXBuildFile; fileRef = BF3C9B3A2E9BF9C000E3DD44 /* PDFViewerView.swift */; };
		BF3C9B3D2E9BF9D200E3DD44 /* PDFViewRepresentable.swift in Sources */ = {isa = PBXBuildFile; fileRef = BF3C9B3C2E9BF9D200E3DD44 /* PDFViewRepresentable.swift */; };
		BF3C9B3F2E9BF9DD00E3DD44 /* VoicePickerView.swift in Sources */ = {isa = PBXBuildFile; fileRef = BF3C9B3E2E9BF9DD00E3DD44 /* VoicePickerView.swift */; };
		BFD9AF1D2E9BF00F0084C9B4 /* README.md in Resources */ = {isa = PBXBuildFile; fileRef = BFD9AF1C2E9BF00F0084C9B4 /* README.md */; };
		BFD9AF1F2E9BF0310084C9B4 /* ExportOptions.plist in Resources */ = {isa = PBXBuildFile; fileRef = BFD9AF1E2E9BF0310084C9B4 /* ExportOptions.plist */; };
		BFEB1A4A2E9BDD1300FBE98D /* SettingsManager.swift in Sources */ = {isa = PBXBuildFile; fileRef = BFEB1A492E9BDD1300FBE98D /* SettingsManager.swift */; };
		FE11110000000000000000A2 /* TTSEngine.swift in Sources */ = {isa = PBXBuildFile; fileRef = FE11110000000000000000A1 /* TTSEngine.swift */; };
		FE22220000000000000000B2 /* AudioPlaybackController.swift in Sources */ = {isa = PBXBuildFile; fileRef = FE22220000000000000000B1 /* AudioPlaybackController.swift */; };
		FE33330000000000000000C2 /* LibraryDocument.swift in Sources */ = {isa = PBXBuildFile; fileRef = FE33330000000000000000C1 /* LibraryDocument.swift */; };
		FE44440000000000000000D2 /* DocumentImporter.swift in Sources */ = {isa = PBXBuildFile; fileRef = FE44440000000000000000D1 /* DocumentImporter.swift */; };
		FE55550000000000000000E2 /* Passage.swift in Sources */ = {isa = PBXBuildFile; fileRef = FE55550000000000000000E1 /* Passage.swift */; };
		FE66660000000000000000F2 /* PassageSegmenter.swift in Sources */ = {isa = PBXBuildFile; fileRef = FE66660000000000000000F1 /* PassageSegmenter.swift */; };
		FE77770000000000000000A2 /* ReaderViewModel.swift in Sources */ = {isa = PBXBuildFile; fileRef = FE77770000000000000000A1 /* ReaderViewModel.swift */; };
		FE88880000000000000000A2 /* LibrarySidebarView.swift in Sources */ = {isa = PBXBuildFile; fileRef = FE88880000000000000000A1 /* LibrarySidebarView.swift */; };
		FE99990000000000000000A2 /* ReadingScriptView.swift in Sources */ = {isa = PBXBuildFile; fileRef = FE99990000000000000000A1 /* ReadingScriptView.swift */; };
		FEAAAA0000000000000000A2 /* TransportBarView.swift in Sources */ = {isa = PBXBuildFile; fileRef = FEAAAA0000000000000000A1 /* TransportBarView.swift */; };
		FEBBBB0000000000000000A2 /* ReaderPaneView.swift in Sources */ = {isa = PBXBuildFile; fileRef = FEBBBB0000000000000000A1 /* ReaderPaneView.swift */; };
		FECCCC0000000000000000A2 /* UpdaterController.swift in Sources */ = {isa = PBXBuildFile; fileRef = FECCCC0000000000000000A1 /* UpdaterController.swift */; };
		FEE0000000000000000000A2 /* KokoroSwift in Frameworks */ = {isa = PBXBuildFile; productRef = FEE0000000000000000000A1 /* KokoroSwift */; };
		FEE0000000000000000000B2 /* MLX in Frameworks */ = {isa = PBXBuildFile; productRef = FEE0000000000000000000B1 /* MLX */; };
		FEE0000000000000000000C2 /* MLXUtilsLibrary in Frameworks */ = {isa = PBXBuildFile; productRef = FEE0000000000000000000C1 /* MLXUtilsLibrary */; };
		FEE0000000000000000000D2 /* Sparkle in Frameworks */ = {isa = PBXBuildFile; productRef = FEE0000000000000000000D1 /* Sparkle */; };
		FEE0000000000000000000A3 /* KokoroSwift in Embed Frameworks */ = {isa = PBXBuildFile; productRef = FEE0000000000000000000A1 /* KokoroSwift */; settings = {ATTRIBUTES = (CodeSignOnCopy, ); }; };
		FEF1110000000000000000A2 /* AudioWAV.swift in Sources */ = {isa = PBXBuildFile; fileRef = FEF1110000000000000000A1 /* AudioWAV.swift */; };
		FEF2220000000000000000A2 /* KokoroModelInstaller.swift in Sources */ = {isa = PBXBuildFile; fileRef = FEF2220000000000000000A1 /* KokoroModelInstaller.swift */; };
		FEF3330000000000000000A2 /* KokoroTTSManager.swift in Sources */ = {isa = PBXBuildFile; fileRef = FEF3330000000000000000A1 /* KokoroTTSManager.swift */; };
		FEF4440000000000000000A2 /* LibraryFolder.swift in Sources */ = {isa = PBXBuildFile; fileRef = FEF4440000000000000000A1 /* LibraryFolder.swift */; };
		FEF5550000000000000000A2 /* OpraTips.swift in Sources */ = {isa = PBXBuildFile; fileRef = FEF5550000000000000000A1 /* OpraTips.swift */; };
		FEF6660000000000000000A2 /* OnboardingView.swift in Sources */ = {isa = PBXBuildFile; fileRef = FEF6660000000000000000A1 /* OnboardingView.swift */; };
/* End PBXBuildFile section */

/* Begin PBXFileReference section */
		A1234567890ABCDEF1234563 /* Opra.app */ = {isa = PBXFileReference; explicitFileType = wrapper.application; includeInIndex = 0; path = Opra.app; sourceTree = BUILT_PRODUCTS_DIR; };
		A1234567890ABCDEF1234565 /* Info.plist */ = {isa = PBXFileReference; lastKnownFileType = text.plist.xml; path = Info.plist; sourceTree = "<group>"; };
		A1234567890ABCDEF1234566 /* OpraApp.swift */ = {isa = PBXFileReference; lastKnownFileType = sourcecode.swift; path = OpraApp.swift; sourceTree = "<group>"; };
		A1234567890ABCDEF1234568 /* ContentView.swift */ = {isa = PBXFileReference; lastKnownFileType = sourcecode.swift; path = ContentView.swift; sourceTree = "<group>"; };
		A1234567890ABCDEF123456A /* Assets.xcassets */ = {isa = PBXFileReference; lastKnownFileType = folder.assetcatalog; path = Assets.xcassets; sourceTree = "<group>"; };
		A1234567890ABCDEF123456D /* Preview Assets.xcassets */ = {isa = PBXFileReference; lastKnownFileType = folder.assetcatalog; path = "Preview Assets.xcassets"; sourceTree = "<group>"; };
		A1234567890ABCDEF123456F /* PDFTextExtractor.swift */ = {isa = PBXFileReference; lastKnownFileType = sourcecode.swift; path = PDFTextExtractor.swift; sourceTree = "<group>"; };
		A1234567890ABCDEF1234571 /* TextToSpeechManager.swift */ = {isa = PBXFileReference; lastKnownFileType = sourcecode.swift; path = TextToSpeechManager.swift; sourceTree = "<group>"; };
		BF12B9412E9BE461006C1D92 /* TTSProviderManager.swift */ = {isa = PBXFileReference; lastKnownFileType = sourcecode.swift; path = TTSProviderManager.swift; sourceTree = "<group>"; };
		BF2A6E002EAB100000000001 /* OpenAITTSManager.swift */ = {isa = PBXFileReference; lastKnownFileType = sourcecode.swift; path = OpenAITTSManager.swift; sourceTree = "<group>"; };
		BF3C9B382E9BF98700E3DD44 /* SettingsView.swift */ = {isa = PBXFileReference; lastKnownFileType = sourcecode.swift; path = SettingsView.swift; sourceTree = "<group>"; };
		BF3C9B3A2E9BF9C000E3DD44 /* PDFViewerView.swift */ = {isa = PBXFileReference; lastKnownFileType = sourcecode.swift; path = PDFViewerView.swift; sourceTree = "<group>"; };
		BF3C9B3C2E9BF9D200E3DD44 /* PDFViewRepresentable.swift */ = {isa = PBXFileReference; lastKnownFileType = sourcecode.swift; path = PDFViewRepresentable.swift; sourceTree = "<group>"; };
		BF3C9B3E2E9BF9DD00E3DD44 /* VoicePickerView.swift */ = {isa = PBXFileReference; lastKnownFileType = sourcecode.swift; path = VoicePickerView.swift; sourceTree = "<group>"; };
		BFD9AF1C2E9BF00F0084C9B4 /* README.md */ = {isa = PBXFileReference; lastKnownFileType = net.daringfireball.markdown; path = README.md; sourceTree = "<group>"; };
		BFD9AF1E2E9BF0310084C9B4 /* ExportOptions.plist */ = {isa = PBXFileReference; lastKnownFileType = text.plist.xml; path = ExportOptions.plist; sourceTree = "<group>"; };
		BFEB1A492E9BDD1300FBE98D /* SettingsManager.swift */ = {isa = PBXFileReference; lastKnownFileType = sourcecode.swift; path = SettingsManager.swift; sourceTree = "<group>"; };
		BFEB1A4B2E9BDD2800FBE98D /* Opra.entitlements */ = {isa = PBXFileReference; lastKnownFileType = text.plist.entitlements; path = Opra.entitlements; sourceTree = "<group>"; };
		FE11110000000000000000A1 /* TTSEngine.swift */ = {isa = PBXFileReference; lastKnownFileType = sourcecode.swift; path = TTSEngine.swift; sourceTree = "<group>"; };
		FE22220000000000000000B1 /* AudioPlaybackController.swift */ = {isa = PBXFileReference; lastKnownFileType = sourcecode.swift; path = AudioPlaybackController.swift; sourceTree = "<group>"; };
		FE33330000000000000000C1 /* LibraryDocument.swift */ = {isa = PBXFileReference; lastKnownFileType = sourcecode.swift; path = LibraryDocument.swift; sourceTree = "<group>"; };
		FE44440000000000000000D1 /* DocumentImporter.swift */ = {isa = PBXFileReference; lastKnownFileType = sourcecode.swift; path = DocumentImporter.swift; sourceTree = "<group>"; };
		FE55550000000000000000E1 /* Passage.swift */ = {isa = PBXFileReference; lastKnownFileType = sourcecode.swift; path = Passage.swift; sourceTree = "<group>"; };
		FE66660000000000000000F1 /* PassageSegmenter.swift */ = {isa = PBXFileReference; lastKnownFileType = sourcecode.swift; path = PassageSegmenter.swift; sourceTree = "<group>"; };
		FE77770000000000000000A1 /* ReaderViewModel.swift */ = {isa = PBXFileReference; lastKnownFileType = sourcecode.swift; path = ReaderViewModel.swift; sourceTree = "<group>"; };
		FE88880000000000000000A1 /* LibrarySidebarView.swift */ = {isa = PBXFileReference; lastKnownFileType = sourcecode.swift; path = LibrarySidebarView.swift; sourceTree = "<group>"; };
		FE99990000000000000000A1 /* ReadingScriptView.swift */ = {isa = PBXFileReference; lastKnownFileType = sourcecode.swift; path = ReadingScriptView.swift; sourceTree = "<group>"; };
		FEAAAA0000000000000000A1 /* TransportBarView.swift */ = {isa = PBXFileReference; lastKnownFileType = sourcecode.swift; path = TransportBarView.swift; sourceTree = "<group>"; };
		FEBBBB0000000000000000A1 /* ReaderPaneView.swift */ = {isa = PBXFileReference; lastKnownFileType = sourcecode.swift; path = ReaderPaneView.swift; sourceTree = "<group>"; };
		FECCCC0000000000000000A1 /* UpdaterController.swift */ = {isa = PBXFileReference; lastKnownFileType = sourcecode.swift; path = UpdaterController.swift; sourceTree = "<group>"; };
		FEF1110000000000000000A1 /* AudioWAV.swift */ = {isa = PBXFileReference; lastKnownFileType = sourcecode.swift; path = AudioWAV.swift; sourceTree = "<group>"; };
		FEF2220000000000000000A1 /* KokoroModelInstaller.swift */ = {isa = PBXFileReference; lastKnownFileType = sourcecode.swift; path = KokoroModelInstaller.swift; sourceTree = "<group>"; };
		FEF3330000000000000000A1 /* KokoroTTSManager.swift */ = {isa = PBXFileReference; lastKnownFileType = sourcecode.swift; path = KokoroTTSManager.swift; sourceTree = "<group>"; };
		FEF4440000000000000000A1 /* LibraryFolder.swift */ = {isa = PBXFileReference; lastKnownFileType = sourcecode.swift; path = LibraryFolder.swift; sourceTree = "<group>"; };
		FEF5550000000000000000A1 /* OpraTips.swift */ = {isa = PBXFileReference; lastKnownFileType = sourcecode.swift; path = OpraTips.swift; sourceTree = "<group>"; };
		FEF6660000000000000000A1 /* OnboardingView.swift */ = {isa = PBXFileReference; lastKnownFileType = sourcecode.swift; path = OnboardingView.swift; sourceTree = "<group>"; };
/* End PBXFileReference section */

/* Begin PBXFrameworksBuildPhase section */
		A1234567890ABCDEF1234560 /* Frameworks */ = {
			isa = PBXFrameworksBuildPhase;
			buildActionMask = 2147483647;
			files = (
				FEE0000000000000000000A2 /* KokoroSwift in Frameworks */,
				FEE0000000000000000000B2 /* MLX in Frameworks */,
				FEE0000000000000000000C2 /* MLXUtilsLibrary in Frameworks */,
				FEE0000000000000000000D2 /* Sparkle in Frameworks */,
			);
			runOnlyForDeploymentPostprocessing = 0;
		};
/* End PBXFrameworksBuildPhase section */

/* Begin PBXCopyFilesBuildPhase section */
		A1234567890ABCDEF1234580 /* Embed Frameworks */ = {
			isa = PBXCopyFilesBuildPhase;
			buildActionMask = 2147483647;
			dstPath = "";
			dstSubfolderSpec = 10;
			files = (
				FEE0000000000000000000A3 /* KokoroSwift in Embed Frameworks */,
			);
			name = "Embed Frameworks";
			runOnlyForDeploymentPostprocessing = 0;
		};
/* End PBXCopyFilesBuildPhase section */

/* Begin PBXGroup section */
		A1234567890ABCDEF1234559 = {
			isa = PBXGroup;
			children = (
				BFD9AF1E2E9BF0310084C9B4 /* ExportOptions.plist */,
				BFD9AF1C2E9BF00F0084C9B4 /* README.md */,
				A1234567890ABCDEF123455A /* Opra */,
				A1234567890ABCDEF1234562 /* Products */,
			);
			sourceTree = "<group>";
		};
		A1234567890ABCDEF123455A /* Opra */ = {
			isa = PBXGroup;
			children = (
				A1234567890ABCDEF1234565 /* Info.plist */,
				A1234567890ABCDEF1234566 /* OpraApp.swift */,
				A1234567890ABCDEF1234568 /* ContentView.swift */,
				BF3C9B352E9BF95900E3DD44 /* Views */,
				BF2A6E002EAB100000000001 /* OpenAITTSManager.swift */,
				A1234567890ABCDEF123456F /* PDFTextExtractor.swift */,
				A1234567890ABCDEF1234571 /* TextToSpeechManager.swift */,
				BF12B9412E9BE461006C1D92 /* TTSProviderManager.swift */,
				FE11110000000000000000A1 /* TTSEngine.swift */,
				FE22220000000000000000B1 /* AudioPlaybackController.swift */,
				FE33330000000000000000C1 /* LibraryDocument.swift */,
				FEF4440000000000000000A1 /* LibraryFolder.swift */,
				FE44440000000000000000D1 /* DocumentImporter.swift */,
				FE55550000000000000000E1 /* Passage.swift */,
				FE66660000000000000000F1 /* PassageSegmenter.swift */,
				FE77770000000000000000A1 /* ReaderViewModel.swift */,
				FECCCC0000000000000000A1 /* UpdaterController.swift */,
				FEF1110000000000000000A1 /* AudioWAV.swift */,
				FEF2220000000000000000A1 /* KokoroModelInstaller.swift */,
				FEF3330000000000000000A1 /* KokoroTTSManager.swift */,
				FEF5550000000000000000A1 /* OpraTips.swift */,
				BFEB1A492E9BDD1300FBE98D /* SettingsManager.swift */,
				BF3C9B3C2E9BF9D200E3DD44 /* PDFViewRepresentable.swift */,
				BFEB1A4B2E9BDD2800FBE98D /* Opra.entitlements */,
				A1234567890ABCDEF123456A /* Assets.xcassets */,
				A1234567890ABCDEF123456C /* Preview Content */,
			);
			path = Opra;
			sourceTree = "<group>";
		};
		A1234567890ABCDEF1234562 /* Products */ = {
			isa = PBXGroup;
			children = (
				A1234567890ABCDEF1234563 /* Opra.app */,
			);
			name = Products;
			sourceTree = "<group>";
		};
		A1234567890ABCDEF123456C /* Preview Content */ = {
			isa = PBXGroup;
			children = (
				A1234567890ABCDEF123456D /* Preview Assets.xcassets */,
			);
			path = "Preview Content";
			sourceTree = "<group>";
		};
		BF3C9B352E9BF95900E3DD44 /* Views */ = {
			isa = PBXGroup;
			children = (
				BF3C9B382E9BF98700E3DD44 /* SettingsView.swift */,
				FE88880000000000000000A1 /* LibrarySidebarView.swift */,
				FE99990000000000000000A1 /* ReadingScriptView.swift */,
				FEAAAA0000000000000000A1 /* TransportBarView.swift */,
				FEBBBB0000000000000000A1 /* ReaderPaneView.swift */,
				FEF6660000000000000000A1 /* OnboardingView.swift */,
				BF3C9B3A2E9BF9C000E3DD44 /* PDFViewerView.swift */,
				BF3C9B3E2E9BF9DD00E3DD44 /* VoicePickerView.swift */,
			);
			path = Views;
			sourceTree = "<group>";
		};
/* End PBXGroup section */

/* Begin PBXNativeTarget section */
		A1234567890ABCDEF123455F /* Opra */ = {
			isa = PBXNativeTarget;
			buildConfigurationList = A1234567890ABCDEF1234573 /* Build configuration list for PBXNativeTarget "Opra" */;
			buildPhases = (
				A1234567890ABCDEF123455C /* Sources */,
				A1234567890ABCDEF1234560 /* Frameworks */,
				A1234567890ABCDEF1234561 /* Resources */,
				A1234567890ABCDEF1234580 /* Embed Frameworks */,
			);
			buildRules = (
			);
			dependencies = (
			);
			name = Opra;
			packageProductDependencies = (
				FEE0000000000000000000A1 /* KokoroSwift */,
				FEE0000000000000000000B1 /* MLX */,
				FEE0000000000000000000C1 /* MLXUtilsLibrary */,
				FEE0000000000000000000D1 /* Sparkle */,
			);
			productName = Opra;
			productReference = A1234567890ABCDEF1234563 /* Opra.app */;
			productType = "com.apple.product-type.application";
		};
/* End PBXNativeTarget section */

/* Begin PBXProject section */
		A1234567890ABCDEF123455B /* Project object */ = {
			isa = PBXProject;
			attributes = {
				BuildIndependentTargetsInParallel = 1;
				LastSwiftUpdateCheck = 1500;
				LastUpgradeCheck = 2640;
				TargetAttributes = {
					A1234567890ABCDEF123455F = {
						CreatedOnToolsVersion = 15.0;
					};
				};
			};
			buildConfigurationList = A1234567890ABCDEF123455E /* Build configuration list for PBXProject "Opra" */;
			compatibilityVersion = "Xcode 14.0";
			developmentRegion = en;
			hasScannedForEncodings = 0;
			knownRegions = (
				en,
				Base,
			);
			mainGroup = A1234567890ABCDEF1234559;
			packageReferences = (
				FED0000000000000000000A1 /* XCRemoteSwiftPackageReference "kokoro-ios" */,
				FED0000000000000000000A2 /* XCRemoteSwiftPackageReference "Sparkle" */,
				FED0000000000000000000B1 /* XCRemoteSwiftPackageReference "mlx-swift" */,
				FED0000000000000000000B2 /* XCRemoteSwiftPackageReference "MLXUtilsLibrary" */,
			);
			productRefGroup = A1234567890ABCDEF1234562 /* Products */;
			projectDirPath = "";
			projectRoot = "";
			targets = (
				A1234567890ABCDEF123455F /* Opra */,
			);
		};
/* End PBXProject section */

/* Begin PBXResourcesBuildPhase section */
		A1234567890ABCDEF1234561 /* Resources */ = {
			isa = PBXResourcesBuildPhase;
			buildActionMask = 2147483647;
			files = (
				BFD9AF1D2E9BF00F0084C9B4 /* README.md in Resources */,
				A1234567890ABCDEF123456E /* Preview Assets.xcassets in Resources */,
				A1234567890ABCDEF123456B /* Assets.xcassets in Resources */,
				BFD9AF1F2E9BF0310084C9B4 /* ExportOptions.plist in Resources */,
			);
			runOnlyForDeploymentPostprocessing = 0;
		};
/* End PBXResourcesBuildPhase section */

/* Begin PBXSourcesBuildPhase section */
		A1234567890ABCDEF123455C /* Sources */ = {
			isa = PBXSourcesBuildPhase;
			buildActionMask = 2147483647;
			files = (
				A1234567890ABCDEF1234569 /* ContentView.swift in Sources */,
				BF3C9B3B2E9BF9C000E3DD44 /* PDFViewerView.swift in Sources */,
				BF3C9B392E9BF98700E3DD44 /* SettingsView.swift in Sources */,
				BFEB1A4A2E9BDD1300FBE98D /* SettingsManager.swift in Sources */,
				A1234567890ABCDEF1234570 /* PDFTextExtractor.swift in Sources */,
				BF2A6E012EAB100000000001 /* OpenAITTSManager.swift in Sources */,
				BF3C9B3F2E9BF9DD00E3DD44 /* VoicePickerView.swift in Sources */,
				BF12B9422E9BE461006C1D92 /* TTSProviderManager.swift in Sources */,
				FE11110000000000000000A2 /* TTSEngine.swift in Sources */,
				FE22220000000000000000B2 /* AudioPlaybackController.swift in Sources */,
				FE33330000000000000000C2 /* LibraryDocument.swift in Sources */,
				FEF4440000000000000000A2 /* LibraryFolder.swift in Sources */,
				FE44440000000000000000D2 /* DocumentImporter.swift in Sources */,
				FE55550000000000000000E2 /* Passage.swift in Sources */,
				FE66660000000000000000F2 /* PassageSegmenter.swift in Sources */,
				FE77770000000000000000A2 /* ReaderViewModel.swift in Sources */,
				FECCCC0000000000000000A2 /* UpdaterController.swift in Sources */,
				FEF1110000000000000000A2 /* AudioWAV.swift in Sources */,
				FEF2220000000000000000A2 /* KokoroModelInstaller.swift in Sources */,
				FEF3330000000000000000A2 /* KokoroTTSManager.swift in Sources */,
				FEF5550000000000000000A2 /* OpraTips.swift in Sources */,
				FEF6660000000000000000A2 /* OnboardingView.swift in Sources */,
				FE88880000000000000000A2 /* LibrarySidebarView.swift in Sources */,
				FE99990000000000000000A2 /* ReadingScriptView.swift in Sources */,
				FEAAAA0000000000000000A2 /* TransportBarView.swift in Sources */,
				FEBBBB0000000000000000A2 /* ReaderPaneView.swift in Sources */,
				A1234567890ABCDEF1234572 /* TextToSpeechManager.swift in Sources */,
				BF3C9B3D2E9BF9D200E3DD44 /* PDFViewRepresentable.swift in Sources */,
				A1234567890ABCDEF1234567 /* OpraApp.swift in Sources */,
			);
			runOnlyForDeploymentPostprocessing = 0;
		};
/* End PBXSourcesBuildPhase section */

/* Begin XCBuildConfiguration section */
		A1234567890ABCDEF1234574 /* Debug */ = {
			isa = XCBuildConfiguration;
			buildSettings = {
				ALWAYS_SEARCH_USER_PATHS = NO;
				ASSETCATALOG_COMPILER_GENERATE_SWIFT_ASSET_SYMBOL_EXTENSIONS = YES;
				CLANG_ANALYZER_NONNULL = YES;
				CLANG_ANALYZER_NUMBER_OBJECT_CONVERSION = YES_AGGRESSIVE;
				CLANG_CXX_LANGUAGE_STANDARD = "gnu++20";
				CLANG_ENABLE_MODULES = YES;
				CLANG_ENABLE_OBJC_ARC = YES;
				CLANG_ENABLE_OBJC_WEAK = YES;
				CLANG_WARN_BLOCK_CAPTURE_AUTORELEASING = YES;
				CLANG_WARN_BOOL_CONVERSION = YES;
				CLANG_WARN_COMMA = YES;
				CLANG_WARN_CONSTANT_CONVERSION = YES;
				CLANG_WARN_DEPRECATED_OBJC_IMPLEMENTATIONS = YES;
				CLANG_WARN_DIRECT_OBJC_ISA_USAGE = YES_ERROR;
				CLANG_WARN_DOCUMENTATION_COMMENTS = YES;
				CLANG_WARN_EMPTY_BODY = YES;
				CLANG_WARN_ENUM_CONVERSION = YES;
				CLANG_WARN_INFINITE_RECURSION = YES;
				CLANG_WARN_INT_CONVERSION = YES;
				CLANG_WARN_NON_LITERAL_NULL_CONVERSION = YES;
				CLANG_WARN_OBJC_IMPLICIT_RETAIN_SELF = YES;
				CLANG_WARN_OBJC_LITERAL_CONVERSION = YES;
				CLANG_WARN_OBJC_ROOT_CLASS = YES_ERROR;
				CLANG_WARN_QUOTED_INCLUDE_IN_FRAMEWORK_HEADER = YES;
				CLANG_WARN_RANGE_LOOP_ANALYSIS = YES;
				CLANG_WARN_STRICT_PROTOTYPES = YES;
				CLANG_WARN_SUSPICIOUS_MOVE = YES;
				CLANG_WARN_UNGUARDED_AVAILABILITY = YES_AGGRESSIVE;
				CLANG_WARN_UNREACHABLE_CODE = YES;
				CLANG_WARN__DUPLICATE_METHOD_MATCH = YES;
				COPY_PHASE_STRIP = NO;
				DEAD_CODE_STRIPPING = YES;
				DEBUG_INFORMATION_FORMAT = dwarf;
				DEVELOPMENT_TEAM = P8WULW25UZ;
				ENABLE_STRICT_OBJC_MSGSEND = YES;
				ENABLE_TESTABILITY = YES;
				ENABLE_USER_SCRIPT_SANDBOXING = YES;
				GCC_C_LANGUAGE_STANDARD = gnu17;
				GCC_DYNAMIC_NO_PIC = NO;
				GCC_NO_COMMON_BLOCKS = YES;
				GCC_OPTIMIZATION_LEVEL = 0;
				GCC_PREPROCESSOR_DEFINITIONS = (
					"DEBUG=1",
					"$(inherited)",
				);
				GCC_WARN_64_TO_32_BIT_CONVERSION = YES;
				GCC_WARN_ABOUT_RETURN_TYPE = YES_ERROR;
				GCC_WARN_UNDECLARED_SELECTOR = YES;
				GCC_WARN_UNINITIALIZED_AUTOS = YES_AGGRESSIVE;
				GCC_WARN_UNUSED_FUNCTION = YES;
				GCC_WARN_UNUSED_VARIABLE = YES;
				LOCALIZATION_PREFERS_STRING_CATALOGS = YES;
				MACOSX_DEPLOYMENT_TARGET = 15.0;
				MTL_ENABLE_DEBUG_INFO = INCLUDE_SOURCE;
				MTL_FAST_MATH = YES;
				ONLY_ACTIVE_ARCH = YES;
				SDKROOT = macosx;
				STRING_CATALOG_GENERATE_SYMBOLS = YES;
				SWIFT_ACTIVE_COMPILATION_CONDITIONS = "DEBUG $(inherited)";
				SWIFT_OPTIMIZATION_LEVEL = "-Onone";
			};
			name = Debug;
		};
		A1234567890ABCDEF1234575 /* Release */ = {
			isa = XCBuildConfiguration;
			buildSettings = {
				ALWAYS_SEARCH_USER_PATHS = NO;
				ASSETCATALOG_COMPILER_GENERATE_SWIFT_ASSET_SYMBOL_EXTENSIONS = YES;
				CLANG_ANALYZER_NONNULL = YES;
				CLANG_ANALYZER_NUMBER_OBJECT_CONVERSION = YES_AGGRESSIVE;
				CLANG_CXX_LANGUAGE_STANDARD = "gnu++20";
				CLANG_ENABLE_MODULES = YES;
				CLANG_ENABLE_OBJC_ARC = YES;
				CLANG_ENABLE_OBJC_WEAK = YES;
				CLANG_WARN_BLOCK_CAPTURE_AUTORELEASING = YES;
				CLANG_WARN_BOOL_CONVERSION = YES;
				CLANG_WARN_COMMA = YES;
				CLANG_WARN_CONSTANT_CONVERSION = YES;
				CLANG_WARN_DEPRECATED_OBJC_IMPLEMENTATIONS = YES;
				CLANG_WARN_DIRECT_OBJC_ISA_USAGE = YES_ERROR;
				CLANG_WARN_DOCUMENTATION_COMMENTS = YES;
				CLANG_WARN_EMPTY_BODY = YES;
				CLANG_WARN_ENUM_CONVERSION = YES;
				CLANG_WARN_INFINITE_RECURSION = YES;
				CLANG_WARN_INT_CONVERSION = YES;
				CLANG_WARN_NON_LITERAL_NULL_CONVERSION = YES;
				CLANG_WARN_OBJC_IMPLICIT_RETAIN_SELF = YES;
				CLANG_WARN_OBJC_LITERAL_CONVERSION = YES;
				CLANG_WARN_OBJC_ROOT_CLASS = YES_ERROR;
				CLANG_WARN_QUOTED_INCLUDE_IN_FRAMEWORK_HEADER = YES;
				CLANG_WARN_RANGE_LOOP_ANALYSIS = YES;
				CLANG_WARN_STRICT_PROTOTYPES = YES;
				CLANG_WARN_SUSPICIOUS_MOVE = YES;
				CLANG_WARN_UNGUARDED_AVAILABILITY = YES_AGGRESSIVE;
				CLANG_WARN_UNREACHABLE_CODE = YES;
				CLANG_WARN__DUPLICATE_METHOD_MATCH = YES;
				COPY_PHASE_STRIP = NO;
				DEAD_CODE_STRIPPING = YES;
				DEBUG_INFORMATION_FORMAT = "dwarf-with-dsym";
				DEVELOPMENT_TEAM = P8WULW25UZ;
				ENABLE_NS_ASSERTIONS = NO;
				ENABLE_STRICT_OBJC_MSGSEND = YES;
				ENABLE_USER_SCRIPT_SANDBOXING = YES;
				GCC_C_LANGUAGE_STANDARD = gnu17;
				GCC_NO_COMMON_BLOCKS = YES;
				GCC_WARN_64_TO_32_BIT_CONVERSION = YES;
				GCC_WARN_ABOUT_RETURN_TYPE = YES_ERROR;
				GCC_WARN_UNDECLARED_SELECTOR = YES;
				GCC_WARN_UNINITIALIZED_AUTOS = YES_AGGRESSIVE;
				GCC_WARN_UNUSED_FUNCTION = YES;
				GCC_WARN_UNUSED_VARIABLE = YES;
				LOCALIZATION_PREFERS_STRING_CATALOGS = YES;
				MACOSX_DEPLOYMENT_TARGET = 15.0;
				MTL_ENABLE_DEBUG_INFO = NO;
				MTL_FAST_MATH = YES;
				SDKROOT = macosx;
				STRING_CATALOG_GENERATE_SYMBOLS = YES;
				SWIFT_COMPILATION_MODE = wholemodule;
			};
			name = Release;
		};
		A1234567890ABCDEF1234576 /* Debug */ = {
			isa = XCBuildConfiguration;
			buildSettings = {
				ASSETCATALOG_COMPILER_APPICON_NAME = AppIcon;
				ASSETCATALOG_COMPILER_GLOBAL_ACCENT_COLOR_NAME = AccentColor;
				ASSETCATALOG_COMPILER_INCLUDE_ALL_APPICON_ASSETS = NO;
				CODE_SIGN_ENTITLEMENTS = Opra/Opra.entitlements;
				"CODE_SIGN_IDENTITY[sdk=macosx*]" = "Apple Development";
				CODE_SIGN_STYLE = Automatic;
				COMBINE_HIDPI_IMAGES = YES;
				CURRENT_PROJECT_VERSION = 3;
				DEAD_CODE_STRIPPING = YES;
				DEVELOPMENT_ASSET_PATHS = "\"Opra/Preview Content\"";
				ENABLE_APP_SANDBOX = YES;
				ENABLE_INCOMING_NETWORK_CONNECTIONS = YES;
				ENABLE_OUTGOING_NETWORK_CONNECTIONS = YES;
				ENABLE_PREVIEWS = YES;
				ENABLE_RESOURCE_ACCESS_AUDIO_INPUT = NO;
				ENABLE_RESOURCE_ACCESS_BLUETOOTH = NO;
				ENABLE_RESOURCE_ACCESS_CALENDARS = NO;
				ENABLE_RESOURCE_ACCESS_CAMERA = NO;
				ENABLE_RESOURCE_ACCESS_CONTACTS = NO;
				ENABLE_RESOURCE_ACCESS_LOCATION = NO;
				ENABLE_RESOURCE_ACCESS_PRINTING = NO;
				ENABLE_RESOURCE_ACCESS_USB = NO;
				GENERATE_INFOPLIST_FILE = NO;
				INFOPLIST_FILE = Opra/Info.plist;
				INFOPLIST_KEY_CFBundleDisplayName = Opra;
				INFOPLIST_KEY_LSApplicationCategoryType = "public.app-category.education";
				INFOPLIST_KEY_NSHumanReadableCopyright = "";
				LD_RUNPATH_SEARCH_PATHS = (
					"$(inherited)",
					"@executable_path/../Frameworks",
				);
				MARKETING_VERSION = 2.1;
				PRODUCT_BUNDLE_IDENTIFIER = francesco.vezzani.opra;
				PRODUCT_NAME = Opra;
				SWIFT_EMIT_LOC_STRINGS = YES;
				SWIFT_VERSION = 5.0;
			};
			name = Debug;
		};
		A1234567890ABCDEF1234577 /* Release */ = {
			isa = XCBuildConfiguration;
			buildSettings = {
				ASSETCATALOG_COMPILER_APPICON_NAME = AppIcon;
				ASSETCATALOG_COMPILER_GLOBAL_ACCENT_COLOR_NAME = AccentColor;
				ASSETCATALOG_COMPILER_INCLUDE_ALL_APPICON_ASSETS = NO;
				CODE_SIGN_ENTITLEMENTS = Opra/Opra.entitlements;
				"CODE_SIGN_IDENTITY[sdk=macosx*]" = "Apple Development";
				CODE_SIGN_STYLE = Automatic;
				COMBINE_HIDPI_IMAGES = YES;
				CURRENT_PROJECT_VERSION = 3;
				DEAD_CODE_STRIPPING = YES;
				DEVELOPMENT_ASSET_PATHS = "\"Opra/Preview Content\"";
				ENABLE_APP_SANDBOX = YES;
				ENABLE_INCOMING_NETWORK_CONNECTIONS = YES;
				ENABLE_OUTGOING_NETWORK_CONNECTIONS = YES;
				ENABLE_PREVIEWS = YES;
				ENABLE_RESOURCE_ACCESS_AUDIO_INPUT = NO;
				ENABLE_RESOURCE_ACCESS_BLUETOOTH = NO;
				ENABLE_RESOURCE_ACCESS_CALENDARS = NO;
				ENABLE_RESOURCE_ACCESS_CAMERA = NO;
				ENABLE_RESOURCE_ACCESS_CONTACTS = NO;
				ENABLE_RESOURCE_ACCESS_LOCATION = NO;
				ENABLE_RESOURCE_ACCESS_PRINTING = NO;
				ENABLE_RESOURCE_ACCESS_USB = NO;
				GENERATE_INFOPLIST_FILE = NO;
				INFOPLIST_FILE = Opra/Info.plist;
				INFOPLIST_KEY_CFBundleDisplayName = Opra;
				INFOPLIST_KEY_LSApplicationCategoryType = "public.app-category.education";
				INFOPLIST_KEY_NSHumanReadableCopyright = "";
				LD_RUNPATH_SEARCH_PATHS = (
					"$(inherited)",
					"@executable_path/../Frameworks",
				);
				MARKETING_VERSION = 2.1;
				PRODUCT_BUNDLE_IDENTIFIER = francesco.vezzani.opra;
				PRODUCT_NAME = Opra;
				SWIFT_EMIT_LOC_STRINGS = YES;
				SWIFT_VERSION = 5.0;
			};
			name = Release;
		};
/* End XCBuildConfiguration section */

/* Begin XCConfigurationList section */
		A1234567890ABCDEF123455E /* Build configuration list for PBXProject "Opra" */ = {
			isa = XCConfigurationList;
			buildConfigurations = (
				A1234567890ABCDEF1234574 /* Debug */,
				A1234567890ABCDEF1234575 /* Release */,
			);
			defaultConfigurationIsVisible = 0;
			defaultConfigurationName = Release;
		};
		A1234567890ABCDEF1234573 /* Build configuration list for PBXNativeTarget "Opra" */ = {
			isa = XCConfigurationList;
			buildConfigurations = (
				A1234567890ABCDEF1234576 /* Debug */,
				A1234567890ABCDEF1234577 /* Release */,
			);
			defaultConfigurationIsVisible = 0;
			defaultConfigurationName = Release;
		};
/* End XCConfigurationList section */

/* Begin XCRemoteSwiftPackageReference section */
		FED0000000000000000000A1 /* XCRemoteSwiftPackageReference "kokoro-ios" */ = {
			isa = XCRemoteSwiftPackageReference;
			repositoryURL = "https://github.com/mlalma/kokoro-ios";
			requirement = {
				kind = upToNextMajorVersion;
				minimumVersion = 1.0.0;
			};
		};
		FED0000000000000000000A2 /* XCRemoteSwiftPackageReference "Sparkle" */ = {
			isa = XCRemoteSwiftPackageReference;
			repositoryURL = "https://github.com/sparkle-project/Sparkle";
			requirement = {
				kind = upToNextMajorVersion;
				minimumVersion = 2.0.0;
			};
		};
		FED0000000000000000000B1 /* XCRemoteSwiftPackageReference "mlx-swift" */ = {
			isa = XCRemoteSwiftPackageReference;
			repositoryURL = "https://github.com/ml-explore/mlx-swift";
			requirement = {
				kind = exactVersion;
				version = 0.30.2;
			};
		};
		FED0000000000000000000B2 /* XCRemoteSwiftPackageReference "MLXUtilsLibrary" */ = {
			isa = XCRemoteSwiftPackageReference;
			repositoryURL = "https://github.com/mlalma/MLXUtilsLibrary.git";
			requirement = {
				kind = exactVersion;
				version = 0.0.6;
			};
		};
/* End XCRemoteSwiftPackageReference section */

/* Begin XCSwiftPackageProductDependency section */
		FEE0000000000000000000A1 /* KokoroSwift */ = {
			isa = XCSwiftPackageProductDependency;
			package = FED0000000000000000000A1 /* XCRemoteSwiftPackageReference "kokoro-ios" */;
			productName = KokoroSwift;
		};
		FEE0000000000000000000B1 /* MLX */ = {
			isa = XCSwiftPackageProductDependency;
			package = FED0000000000000000000B1 /* XCRemoteSwiftPackageReference "mlx-swift" */;
			productName = MLX;
		};
		FEE0000000000000000000C1 /* MLXUtilsLibrary */ = {
			isa = XCSwiftPackageProductDependency;
			package = FED0000000000000000000B2 /* XCRemoteSwiftPackageReference "MLXUtilsLibrary" */;
			productName = MLXUtilsLibrary;
		};
		FEE0000000000000000000D1 /* Sparkle */ = {
			isa = XCSwiftPackageProductDependency;
			package = FED0000000000000000000A2 /* XCRemoteSwiftPackageReference "Sparkle" */;
			productName = Sparkle;
		};
/* End XCSwiftPackageProductDependency section */
	};
	rootObject = A1234567890ABCDEF123455B /* Project object */;
}
